
Microsoft Visual Studio Solution File, Format Version 12.00
# Visual Studio Version 17
VisualStudioVersion = 17.0.31903.59
MinimumVisualStudioVersion = 10.0.40219.1
Project("{2150E333-8FDC-42A3-9474-1A3956D46DE8}") = "src", "src", "{1C0F22AD-C105-440A-B78B-6B3B4515C174}"
EndProject
Project("{FAE04EC0-301F-11D3-BF4B-00C04F79EFBC}") = "HttpRequestToCurl", "src\HttpRequestToCurl\HttpRequestToCurl.csproj", "{50405B32-A660-45EC-B38A-A819CC294065}"
EndProject
Project("{2150E333-8FDC-42A3-9474-1A3956D46DE8}") = "tests", "tests", "{83DA9072-B4C0-46AD-9BEC-38961F7DDD9A}"
EndProject
Project("{FAE04EC0-301F-11D3-BF4B-00C04F79EFBC}") = "HttpRequestToCurl.Tests", "tests\HttpRequestToCurl.Tests\HttpRequestToCurl.Tests.csproj", "{31C43813-14B0-47EB-BC9C-F3BB2D172752}"
EndProject
Global
	GlobalSection(SolutionConfigurationPlatforms) = preSolution
		Debug|Any CPU = Debug|Any CPU
		Release|Any CPU = Release|Any CPU
	EndGlobalSection
	GlobalSection(SolutionProperties) = preSolution
		HideSolutionNode = FALSE
	EndGlobalSection
	GlobalSection(ProjectConfigurationPlatforms) = postSolution
		{50405B32-A660-45EC-B38A-A819CC294065}.Debug|Any CPU.ActiveCfg = Debug|Any CPU
		{50405B32-A660-45EC-B38A-A819CC294065}.Debug|Any CPU.Build.0 = Debug|Any CPU
		{50405B32-A660-45EC-B38A-A819CC294065}.Release|Any CPU.ActiveCfg = Release|Any CPU
		{50405B32-A660-45EC-B38A-A819CC294065}.Release|Any CPU.Build.0 = Release|Any CPU
		{31C43813-14B0-47EB-BC9C-F3BB2D172752}.Debug|Any CPU.ActiveCfg = Debug|Any CPU
		{31C43813-14B0-47EB-BC9C-F3BB2D172752}.Debug|Any CPU.Build.0 = Debug|Any CPU
		{31C43813-14B0-47EB-BC9C-F3BB2D172752}.Release|Any CPU.ActiveCfg = Release|Any CPU
		{31C43813-14B0-47EB-BC9C-F3BB2D172752}.Release|Any CPU.Build.0 = Release|Any CPU
	EndGlobalSection
	GlobalSection(NestedProjects) = preSolution
		{50405B32-A660-45EC-B38A-A819CC294065} = {1C0F22AD-C105-440A-B78B-6B3B4515C174}
		{31C43813-14B0-47EB-BC9C-F3BB2D172752} = {83DA9072-B4C0-46AD-9BEC-38961F7DDD9A}
	EndGlobalSection
EndGlobal
